
Microsoft Visual Studio Solution File, Format Version 12.00
# Visual Studio Version 16
VisualStudioVersion = 16.0.31911.196
MinimumVisualStudioVersion = 10.0.40219.1
Project("{FAE04EC0-301F-11D3-BF4B-00C04F79EFBC}") = "proyecto10.8", "proyecto10.8\proyecto10.8.csproj", "{9A858DDE-6E0B-4A9B-9959-DE9A1B2D4D84}"
EndProject
Global
	GlobalSection(SolutionConfigurationPlatforms) = preSolution
		Debug|Any CPU = Debug|Any CPU
		Release|Any CPU = Release|Any CPU
	EndGlobalSection
	GlobalSection(ProjectConfigurationPlatforms) = postSolution
		{9A858DDE-6E0B-4A9B-9959-DE9A1B2D4D84}.Debug|Any CPU.ActiveCfg = Debug|Any CPU
		{9A858DDE-6E0B-4A9B-9959-DE9A1B2D4D84}.Debug|Any CPU.Build.0 = Debug|Any CPU
		{9A858DDE-6E0B-4A9B-9959-DE9A1B2D4D84}.Release|Any CPU.ActiveCfg = Release|Any CPU
		{9A858DDE-6E0B-4A9B-9959-DE9A1B2D4D84}.Release|Any CPU.Build.0 = Release|Any CPU
	EndGlobalSection
	GlobalSection(SolutionProperties) = preSolution
		HideSolutionNode = FALSE
	EndGlobalSection
	GlobalSection(ExtensibilityGlobals) = postSolution
		SolutionGuid = {38E6FA56-CF79-48F4-8FED-28B7FDA55EBD}
	EndGlobalSection
EndGlobal
